// !$*UTF8*$!
{
	archiveVersion = 1;
	classes = {
	};
	objectVersion = 46;
	objects = {

/* Begin PBXBuildFile section */
		BD67F9941CC7059300817B49 /* main.m in Sources */ = {isa = PBXBuildFile; fileRef = BD67F9931CC7059300817B49 /* main.m */; };
		BD67F9971CC7059300817B49 /* AppDelegate.m in Sources */ = {isa = PBXBuildFile; fileRef = BD67F9961CC7059300817B49 /* AppDelegate.m */; };
		BD67F99D1CC7059400817B49 /* Main.storyboard in Resources */ = {isa = PBXBuildFile; fileRef = BD67F99B1CC7059300817B49 /* Main.storyboard */; };
		BD67F9A01CC7059400817B49 /* Calendar.xcdatamodeld in Sources */ = {isa = PBXBuildFile; fileRef = BD67F99E1CC7059400817B49 /* Calendar.xcdatamodeld */; };
		BD67F9A21CC7059400817B49 /* Assets.xcassets in Resources */ = {isa = PBXBuildFile; fileRef = BD67F9A11CC7059400817B49 /* Assets.xcassets */; };
		BD67F9A51CC7059400817B49 /* LaunchScreen.storyboard in Resources */ = {isa = PBXBuildFile; fileRef = BD67F9A31CC7059400817B49 /* LaunchScreen.storyboard */; };
		BD67F9B01CC7059400817B49 /* CalendarTests.m in Sources */ = {isa = PBXBuildFile; fileRef = BD67F9AF1CC7059400817B49 /* CalendarTests.m */; };
		BD67F9BB1CC7059400817B49 /* CalendarUITests.m in Sources */ = {isa = PBXBuildFile; fileRef = BD67F9BA1CC7059400817B49 /* CalendarUITests.m */; };
		BD67F9CA1CC705D800817B49 /* ViewController.m in Sources */ = {isa = PBXBuildFile; fileRef = BD67F9C91CC705D800817B49 /* ViewController.m */; };
		BD67F9CD1CC713A600817B49 /* CollectionViewCell.m in Sources */ = {isa = PBXBuildFile; fileRef = BD67F9CC1CC713A600817B49 /* CollectionViewCell.m */; };
		BD67F9D01CC7368600817B49 /* DateHelper.m in Sources */ = {isa = PBXBuildFile; fileRef = BD67F9CF1CC7368600817B49 /* DateHelper.m */; };
/* End PBXBuildFile section */

/* Begin PBXContainerItemProxy section */
		BD67F9AC1CC7059400817B49 /* PBXContainerItemProxy */ = {
			isa = PBXContainerItemProxy;
			containerPortal = BD67F9871CC7059300817B49 /* Project object */;
			proxyType = 1;
			remoteGlobalIDString = BD67F98E1CC7059300817B49;
			remoteInfo = Calendar;
		};
		BD67F9B71CC7059400817B49 /* PBXContainerItemProxy */ = {
			isa = PBXContainerItemProxy;
			containerPortal = BD67F9871CC7059300817B49 /* Project object */;
			proxyType = 1;
			remoteGlobalIDString = BD67F98E1CC7059300817B49;
			remoteInfo = Calendar;
		};
/* End PBXContainerItemProxy section */

/* Begin PBXFileReference section */
		BD67F98F1CC7059300817B49 /* Calendar.app */ = {isa = PBXFileReference; explicitFileType = wrapper.application; includeInIndex = 0; path = Calendar.app; sourceTree = BUILT_PRODUCTS_DIR; };
		BD67F9931CC7059300817B49 /* main.m */ = {isa = PBXFileReference; lastKnownFileType = sourcecode.c.objc; path = main.m; sourceTree = "<group>"; };
		BD67F9951CC7059300817B49 /* AppDelegate.h */ = {isa = PBXFileReference; lastKnownFileType = sourcecode.c.h; path = AppDelegate.h; sourceTree = "<group>"; };
		BD67F9961CC7059300817B49 /* AppDelegate.m */ = {isa = PBXFileReference; lastKnownFileType = sourcecode.c.objc; path = AppDelegate.m; sourceTree = "<group>"; };
		BD67F99C1CC7059300817B49 /* Base */ = {isa = PBXFileReference; lastKnownFileType = file.storyboard; name = Base; path = Base.lproj/Main.storyboard; sourceTree = "<group>"; };
		BD67F99F1CC7059400817B49 /* Calendar.xcdatamodel */ = {isa = PBXFileReference; lastKnownFileType = wrapper.xcdatamodel; path = Calendar.xcdatamodel; sourceTree = "<group>"; };
		BD67F9A11CC7059400817B49 /* Assets.xcassets */ = {isa = PBXFileReference; lastKnownFileType = folder.assetcatalog; path = Assets.xcassets; sourceTree = "<group>"; };
		BD67F9A41CC7059400817B49 /* Base */ = {isa = PBXFileReference; lastKnownFileType = file.storyboard; name = Base; path = Base.lproj/LaunchScreen.storyboard; sourceTree = "<group>"; };
		BD67F9A61CC7059400817B49 /* Info.plist */ = {isa = PBXFileReference; lastKnownFileType = text.plist.xml; path = Info.plist; sourceTree = "<group>"; };
		BD67F9AB1CC7059400817B49 /* CalendarTests.xctest */ = {isa = PBXFileReference; explicitFileType = wrapper.cfbundle; includeInIndex = 0; path = CalendarTests.xctest; sourceTree = BUILT_PRODUCTS_DIR; };
		BD67F9AF1CC7059400817B49 /* CalendarTests.m */ = {isa = PBXFileReference; lastKnownFileType = sourcecode.c.objc; path = CalendarTests.m; sourceTree = "<group>"; };
		BD67F9B11CC7059400817B49 /* Info.plist */ = {isa = PBXFileReference; lastKnownFileType = text.plist.xml; path = Info.plist; sourceTree = "<group>"; };
		BD67F9B61CC7059400817B49 /* CalendarUITests.xctest */ = {isa = PBXFileReference; explicitFileType = wrapper.cfbundle; includeInIndex = 0; path = CalendarUITests.xctest; sourceTree = BUILT_PRODUCTS_DIR; };
		BD67F9BA1CC7059400817B49 /* CalendarUITests.m */ = {isa = PBXFileReference; lastKnownFileType = sourcecode.c.objc; path = CalendarUITests.m; sourceTree = "<group>"; };
		BD67F9BC1CC7059400817B49 /* Info.plist */ = {isa = PBXFileReference; lastKnownFileType = text.plist.xml; path = Info.plist; sourceTree = "<group>"; };
		BD67F9C81CC705D800817B49 /* ViewController.h */ = {isa = PBXFileReference; fileEncoding = 4; lastKnownFileType = sourcecode.c.h; path = ViewController.h; sourceTree = "<group>"; };
		BD67F9C91CC705D800817B49 /* ViewController.m */ = {isa = PBXFileReference; fileEncoding = 4; lastKnownFileType = sourcecode.c.objc; path = ViewController.m; sourceTree = "<group>"; };
		BD67F9CB1CC713A600817B49 /* CollectionViewCell.h */ = {isa = PBXFileReference; fileEncoding = 4; lastKnownFileType = sourcecode.c.h; path = CollectionViewCell.h; sourceTree = "<group>"; };
		BD67F9CC1CC713A600817B49 /* CollectionViewCell.m */ = {isa = PBXFileReference; fileEncoding = 4; lastKnownFileType = sourcecode.c.objc; path = CollectionViewCell.m; sourceTree = "<group>"; };
		BD67F9CE1CC7368600817B49 /* DateHelper.h */ = {isa = PBXFileReference; fileEncoding = 4; lastKnownFileType = sourcecode.c.h; path = DateHelper.h; sourceTree = "<group>"; };
		BD67F9CF1CC7368600817B49 /* DateHelper.m */ = {isa = PBXFileReference; fileEncoding = 4; lastKnownFileType = sourcecode.c.objc; path = DateHelper.m; sourceTree = "<group>"; };
/* End PBXFileReference section */

/* Begin PBXFrameworksBuildPhase section */
		BD67F98C1CC7059300817B49 /* Frameworks */ = {
			isa = PBXFrameworksBuildPhase;
			buildActionMask = 2147483647;
			files = (
			);
			runOnlyForDeploymentPostprocessing = 0;
		};
		BD67F9A81CC7059400817B49 /* Frameworks */ = {
			isa = PBXFrameworksBuildPhase;
			buildActionMask = 2147483647;
			files = (
			);
			runOnlyForDeploymentPostprocessing = 0;
		};
		BD67F9B31CC7059400817B49 /* Frameworks */ = {
			isa = PBXFrameworksBuildPhase;
			buildActionMask = 2147483647;
			files = (
			);
			runOnlyForDeploymentPostprocessing = 0;
		};
/* End PBXFrameworksBuildPhase section */

/* Begin PBXGroup section */
		BD67F9861CC7059300817B49 = {
			isa = PBXGroup;
			children = (
				BD67F9911CC7059300817B49 /* Calendar */,
				BD67F9AE1CC7059400817B49 /* CalendarTests */,
				BD67F9B91CC7059400817B49 /* CalendarUITests */,
				BD67F9901CC7059300817B49 /* Products */,
			);
			sourceTree = "<group>";
		};
		BD67F9901CC7059300817B49 /* Products */ = {
			isa = PBXGroup;
			children = (
				BD67F98F1CC7059300817B49 /* Calendar.app */,
				BD67F9AB1CC7059400817B49 /* CalendarTests.xctest */,
				BD67F9B61CC7059400817B49 /* CalendarUITests.xctest */,
			);
			name = Products;
			sourceTree = "<group>";
		};
		BD67F9911CC7059300817B49 /* Calendar */ = {
			isa = PBXGroup;
			children = (
				BD67F9951CC7059300817B49 /* AppDelegate.h */,
				BD67F9961CC7059300817B49 /* AppDelegate.m */,
				BD67F9C81CC705D800817B49 /* ViewController.h */,
				BD67F9C91CC705D800817B49 /* ViewController.m */,
				BD67F9CB1CC713A600817B49 /* CollectionViewCell.h */,
				BD67F9CC1CC713A600817B49 /* CollectionViewCell.m */,
				BD67F9CE1CC7368600817B49 /* DateHelper.h */,
				BD67F9CF1CC7368600817B49 /* DateHelper.m */,
				BD67F99B1CC7059300817B49 /* Main.storyboard */,
				BD67F9A11CC7059400817B49 /* Assets.xcassets */,
				BD67F9A31CC7059400817B49 /* LaunchScreen.storyboard */,
				BD67F9A61CC7059400817B49 /* Info.plist */,
				BD67F99E1CC7059400817B49 /* Calendar.xcdatamodeld */,
				BD67F9921CC7059300817B49 /* Supporting Files */,
			);
			path = Calendar;
			sourceTree = "<group>";
		};
		BD67F9921CC7059300817B49 /* Supporting Files */ = {
			isa = PBXGroup;
			children = (
				BD67F9931CC7059300817B49 /* main.m */,
			);
			name = "Supporting Files";
			sourceTree = "<group>";
		};
		BD67F9AE1CC7059400817B49 /* CalendarTests */ = {
			isa = PBXGroup;
			children = (
				BD67F9AF1CC7059400817B49 /* CalendarTests.m */,
				BD67F9B11CC7059400817B49 /* Info.plist */,
			);
			path = CalendarTests;
			sourceTree = "<group>";
		};
		BD67F9B91CC7059400817B49 /* CalendarUITests */ = {
			isa = PBXGroup;
			children = (
				BD67F9BA1CC7059400817B49 /* CalendarUITests.m */,
				BD67F9BC1CC7059400817B49 /* Info.plist */,
			);
			path = CalendarUITests;
			sourceTree = "<group>";
		};
/* End PBXGroup section */

/* Begin PBXNativeTarget section */
		BD67F98E1CC7059300817B49 /* Calendar */ = {
			isa = PBXNativeTarget;
			buildConfigurationList = BD67F9BF1CC7059400817B49 /* Build configuration list for PBXNativeTarget "Calendar" */;
			buildPhases = (
				BD67F98B1CC7059300817B49 /* Sources */,
				BD67F98C1CC7059300817B49 /* Frameworks */,
				BD67F98D1CC7059300817B49 /* Resources */,
			);
			buildRules = (
			);
			dependencies = (
			);
			name = Calendar;
			productName = Calendar;
			productReference = BD67F98F1CC7059300817B49 /* Calendar.app */;
			productType = "com.apple.product-type.application";
		};
		BD67F9AA1CC7059400817B49 /* CalendarTests */ = {
			isa = PBXNativeTarget;
			buildConfigurationList = BD67F9C21CC7059400817B49 /* Build configuration list for PBXNativeTarget "CalendarTests" */;
			buildPhases = (
				BD67F9A71CC7059400817B49 /* Sources */,
				BD67F9A81CC7059400817B49 /* Frameworks */,
				BD67F9A91CC7059400817B49 /* Resources */,
			);
			buildRules = (
			);
			dependencies = (
				BD67F9AD1CC7059400817B49 /* PBXTargetDependency */,
			);
			name = CalendarTests;
			productName = CalendarTests;
			productReference = BD67F9AB1CC7059400817B49 /* CalendarTests.xctest */;
			productType = "com.apple.product-type.bundle.unit-test";
		};
		BD67F9B51CC7059400817B49 /* CalendarUITests */ = {
			isa = PBXNativeTarget;
			buildConfigurationList = BD67F9C51CC7059400817B49 /* Build configuration list for PBXNativeTarget "CalendarUITests" */;
			buildPhases = (
				BD67F9B21CC7059400817B49 /* Sources */,
				BD67F9B31CC7059400817B49 /* Frameworks */,
				BD67F9B41CC7059400817B49 /* Resources */,
			);
			buildRules = (
			);
			dependencies = (
				BD67F9B81CC7059400817B49 /* PBXTargetDependency */,
			);
			name = CalendarUITests;
			productName = CalendarUITests;
			productReference = BD67F9B61CC7059400817B49 /* CalendarUITests.xctest */;
			productType = "com.apple.product-type.bundle.ui-testing";
		};
/* End PBXNativeTarget section */

/* Begin PBXProject section */
		BD67F9871CC7059300817B49 /* Project object */ = {
			isa = PBXProject;
			attributes = {
				LastUpgradeCheck = 0730;
				ORGANIZATIONNAME = "于军阵";
				TargetAttributes = {
					BD67F98E1CC7059300817B49 = {
						CreatedOnToolsVersion = 7.3;
						DevelopmentTeam = 98TXLAF3BE;
					};
					BD67F9AA1CC7059400817B49 = {
						CreatedOnToolsVersion = 7.3;
						DevelopmentTeam = 98TXLAF3BE;
						TestTargetID = BD67F98E1CC7059300817B49;
					};
					BD67F9B51CC7059400817B49 = {
						CreatedOnToolsVersion = 7.3;
						DevelopmentTeam = 98TXLAF3BE;
						TestTargetID = BD67F98E1CC7059300817B49;
					};
				};
			};
			buildConfigurationList = BD67F98A1CC7059300817B49 /* Build configuration list for PBXProject "Calendar" */;
			compatibilityVersion = "Xcode 3.2";
			developmentRegion = English;
			hasScannedForEncodings = 0;
			knownRegions = (
				en,
				Base,
			);
			mainGroup = BD67F9861CC7059300817B49;
			productRefGroup = BD67F9901CC7059300817B49 /* Products */;
			projectDirPath = "";
			projectRoot = "";
			targets = (
				BD67F98E1CC7059300817B49 /* Calendar */,
				BD67F9AA1CC7059400817B49 /* CalendarTests */,
				BD67F9B51CC7059400817B49 /* CalendarUITests */,
			);
		};
/* End PBXProject section */

/* Begin PBXResourcesBuildPhase section */
		BD67F98D1CC7059300817B49 /* Resources */ = {
			isa = PBXResourcesBuildPhase;
			buildActionMask = 2147483647;
			files = (
				BD67F9A51CC7059400817B49 /* LaunchScreen.storyboard in Resources */,
				BD67F9A21CC7059400817B49 /* Assets.xcassets in Resources */,
				BD67F99D1CC7059400817B49 /* Main.storyboard in Resources */,
			);
			runOnlyForDeploymentPostprocessing = 0;
		};
		BD67F9A91CC7059400817B49 /* Resources */ = {
			isa = PBXResourcesBuildPhase;
			buildActionMask = 2147483647;
			files = (
			);
			runOnlyForDeploymentPostprocessing = 0;
		};
		BD67F9B41CC7059400817B49 /* Resources */ = {
			isa = PBXResourcesBuildPhase;
			buildActionMask = 2147483647;
			files = (
			);
			runOnlyForDeploymentPostprocessing = 0;
		};
/* End PBXResourcesBuildPhase section */

/* Begin PBXSourcesBuildPhase section */
		BD67F98B1CC7059300817B49 /* Sources */ = {
			isa = PBXSourcesBuildPhase;
			buildActionMask = 2147483647;
			files = (
				BD67F9971CC7059300817B49 /* AppDelegate.m in Sources */,
				BD67F9CD1CC713A600817B49 /* CollectionViewCell.m in Sources */,
				BD67F9941CC7059300817B49 /* main.m in Sources */,
				BD67F9CA1CC705D800817B49 /* ViewController.m in Sources */,
				BD67F9A01CC7059400817B49 /* Calendar.xcdatamodeld in Sources */,
				BD67F9D01CC7368600817B49 /* DateHelper.m in Sources */,
			);
			runOnlyForDeploymentPostprocessing = 0;
		};
		BD67F9A71CC7059400817B49 /* Sources */ = {
			isa = PBXSourcesBuildPhase;
			buildActionMask = 2147483647;
			files = (
				BD67F9B01CC7059400817B49 /* CalendarTests.m in Sources */,
			);
			runOnlyForDeploymentPostprocessing = 0;
		};
		BD67F9B21CC7059400817B49 /* Sources */ = {
			isa = PBXSourcesBuildPhase;
			buildActionMask = 2147483647;
			files = (
				BD67F9BB1CC7059400817B49 /* CalendarUITests.m in Sources */,
			);
			runOnlyForDeploymentPostprocessing = 0;
		};
/* End PBXSourcesBuildPhase section */

/* Begin PBXTargetDependency section */
		BD67F9AD1CC7059400817B49 /* PBXTargetDependency */ = {
			isa = PBXTargetDependency;
			target = BD67F98E1CC7059300817B49 /* Calendar */;
			targetProxy = BD67F9AC1CC7059400817B49 /* PBXContainerItemProxy */;
		};
		BD67F9B81CC7059400817B49 /* PBXTargetDependency */ = {
			isa = PBXTargetDependency;
			target = BD67F98E1CC7059300817B49 /* Calendar */;
			targetProxy = BD67F9B71CC7059400817B49 /* PBXContainerItemProxy */;
		};
/* End PBXTargetDependency section */

/* Begin PBXVariantGroup section */
		BD67F99B1CC7059300817B49 /* Main.storyboard */ = {
			isa = PBXVariantGroup;
			children = (
				BD67F99C1CC7059300817B49 /* Base */,
			);
			name = Main.storyboard;
			sourceTree = "<group>";
		};
		BD67F9A31CC7059400817B49 /* LaunchScreen.storyboard */ = {
			isa = PBXVariantGroup;
			children = (
				BD67F9A41CC7059400817B49 /* Base */,
			);
			name = LaunchScreen.storyboard;
			sourceTree = "<group>";
		};
/* End PBXVariantGroup section */

/* Begin XCBuildConfiguration section */
		BD67F9BD1CC7059400817B49 /* Debug */ = {
			isa = XCBuildConfiguration;
			buildSettings = {
				ALWAYS_SEARCH_USER_PATHS = NO;
				CLANG_ANALYZER_NONNULL = YES;
				CLANG_CXX_LANGUAGE_STANDARD = "gnu++0x";
				CLANG_CXX_LIBRARY = "libc++";
				CLANG_ENABLE_MODULES = YES;
				CLANG_ENABLE_OBJC_ARC = YES;
				CLANG_WARN_BOOL_CONVERSION = YES;
				CLANG_WARN_CONSTANT_CONVERSION = YES;
				CLANG_WARN_DIRECT_OBJC_ISA_USAGE = YES_ERROR;
				CLANG_WARN_EMPTY_BODY = YES;
				CLANG_WARN_ENUM_CONVERSION = YES;
				CLANG_WARN_INT_CONVERSION = YES;
				CLANG_WARN_OBJC_ROOT_CLASS = YES_ERROR;
				CLANG_WARN_UNREACHABLE_CODE = YES;
				CLANG_WARN__DUPLICATE_METHOD_MATCH = YES;
				"CODE_SIGN_IDENTITY[sdk=iphoneos*]" = "iPhone Developer";
				COPY_PHASE_STRIP = NO;
				DEBUG_INFORMATION_FORMAT = dwarf;
				ENABLE_STRICT_OBJC_MSGSEND = YES;
				ENABLE_TESTABILITY = YES;
				GCC_C_LANGUAGE_STANDARD = gnu99;
				GCC_DYNAMIC_NO_PIC = NO;
				GCC_NO_COMMON_BLOCKS = YES;
				GCC_OPTIMIZATION_LEVEL = 0;
				GCC_PREPROCESSOR_DEFINITIONS = (
					"DEBUG=1",
					"$(inherited)",
				);
				GCC_WARN_64_TO_32_BIT_CONVERSION = YES;
				GCC_WARN_ABOUT_RETURN_TYPE = YES_ERROR;
				GCC_WARN_UNDECLARED_SELECTOR = YES;
				GCC_WARN_UNINITIALIZED_AUTOS = YES_AGGRESSIVE;
				GCC_WARN_UNUSED_FUNCTION = YES;
				GCC_WARN_UNUSED_VARIABLE = YES;
				IPHONEOS_DEPLOYMENT_TARGET = 9.3;
				MTL_ENABLE_DEBUG_INFO = YES;
				ONLY_ACTIVE_ARCH = YES;
				SDKROOT = iphoneos;
				TARGETED_DEVICE_FAMILY = "1,2";
			};
			name = Debug;
		};
		BD67F9BE1CC7059400817B49 /* Release */ = {
			isa = XCBuildConfiguration;
			buildSettings = {
				ALWAYS_SEARCH_USER_PATHS = NO;
				CLANG_ANALYZER_NONNULL = YES;
				CLANG_CXX_LANGUAGE_STANDARD = "gnu++0x";
				CLANG_CXX_LIBRARY = "libc++";
				CLANG_ENABLE_MODULES = YES;
				CLANG_ENABLE_OBJC_ARC = YES;
				CLANG_WARN_BOOL_CONVERSION = YES;
				CLANG_WARN_CONSTANT_CONVERSION = YES;
				CLANG_WARN_DIRECT_OBJC_ISA_USAGE = YES_ERROR;
				CLANG_WARN_EMPTY_BODY = YES;
				CLANG_WARN_ENUM_CONVERSION = YES;
				CLANG_WARN_INT_CONVERSION = YES;
				CLANG_WARN_OBJC_ROOT_CLASS = YES_ERROR;
				CLANG_WARN_UNREACHABLE_CODE = YES;
				CLANG_WARN__DUPLICATE_METHOD_MATCH = YES;
				"CODE_SIGN_IDENTITY[sdk=iphoneos*]" = "iPhone Developer";
				COPY_PHASE_STRIP = NO;
				DEBUG_INFORMATION_FORMAT = "dwarf-with-dsym";
				ENABLE_NS_ASSERTIONS = NO;
				ENABLE_STRICT_OBJC_MSGSEND = YES;
				GCC_C_LANGUAGE_STANDARD = gnu99;
				GCC_NO_COMMON_BLOCKS = YES;
				GCC_WARN_64_TO_32_BIT_CONVERSION = YES;
				GCC_WARN_ABOUT_RETURN_TYPE = YES_ERROR;
				GCC_WARN_UNDECLARED_SELECTOR = YES;
				GCC_WARN_UNINITIALIZED_AUTOS = YES_AGGRESSIVE;
				GCC_WARN_UNUSED_FUNCTION = YES;
				GCC_WARN_UNUSED_VARIABLE = YES;
				IPHONEOS_DEPLOYMENT_TARGET = 9.3;
				MTL_ENABLE_DEBUG_INFO = NO;
				SDKROOT = iphoneos;
				TARGETED_DEVICE_FAMILY = "1,2";
				VALIDATE_PRODUCT = YES;
			};
			name = Release;
		};
		BD67F9C01CC7059400817B49 /* Debug */ = {
			isa = XCBuildConfiguration;
			buildSettings = {
				ASSETCATALOG_COMPILER_APPICON_NAME = AppIcon;
				INFOPLIST_FILE = Calendar/Info.plist;
				IPHONEOS_DEPLOYMENT_TARGET = 7.1;
				LD_RUNPATH_SEARCH_PATHS = "$(inherited) @executable_path/Frameworks";
				PRODUCT_BUNDLE_IDENTIFIER = com.weilang.Calendar;
				PRODUCT_NAME = "$(TARGET_NAME)";
				TARGETED_DEVICE_FAMILY = 1;
			};
			name = Debug;
		};
		BD67F9C11CC7059400817B49 /* Release */ = {
			isa = XCBuildConfiguration;
			buildSettings = {
				ASSETCATALOG_COMPILER_APPICON_NAME = AppIcon;
				INFOPLIST_FILE = Calendar/Info.plist;
				IPHONEOS_DEPLOYMENT_TARGET = 7.1;
				LD_RUNPATH_SEARCH_PATHS = "$(inherited) @executable_path/Frameworks";
				PRODUCT_BUNDLE_IDENTIFIER = com.weilang.Calendar;
				PRODUCT_NAME = "$(TARGET_NAME)";
				TARGETED_DEVICE_FAMILY = 1;
			};
			name = Release;
		};
		BD67F9C31CC7059400817B49 /* Debug */ = {
			isa = XCBuildConfiguration;
			buildSettings = {
				BUNDLE_LOADER = "$(TEST_HOST)";
				INFOPLIST_FILE = CalendarTests/Info.plist;
				LD_RUNPATH_SEARCH_PATHS = "$(inherited) @executable_path/Frameworks @loader_path/Frameworks";
				PRODUCT_BUNDLE_IDENTIFIER = com.weilang.CalendarTests;
				PRODUCT_NAME = "$(TARGET_NAME)";
				TEST_HOST = "$(BUILT_PRODUCTS_DIR)/Calendar.app/Calendar";
			};
			name = Debug;
		};
		BD67F9C41CC7059400817B49 /* Release */ = {
			isa = XCBuildConfiguration;
			buildSettings = {
				BUNDLE_LOADER = "$(TEST_HOST)";
				INFOPLIST_FILE = CalendarTests/Info.plist;
				LD_RUNPATH_SEARCH_PATHS = "$(inherited) @executable_path/Frameworks @loader_path/Frameworks";
				PRODUCT_BUNDLE_IDENTIFIER = com.weilang.CalendarTests;
				PRODUCT_NAME = "$(TARGET_NAME)";
				TEST_HOST = "$(BUILT_PRODUCTS_DIR)/Calendar.app/Calendar";
			};
			name = Release;
		};
		BD67F9C61CC7059400817B49 /* Debug */ = {
			isa = XCBuildConfiguration;
			buildSettings = {
				INFOPLIST_FILE = CalendarUITests/Info.plist;
				LD_RUNPATH_SEARCH_PATHS = "$(inherited) @executable_path/Frameworks @loader_path/Frameworks";
				PRODUCT_BUNDLE_IDENTIFIER = com.weilang.CalendarUITests;
				PRODUCT_NAME = "$(TARGET_NAME)";
				TEST_TARGET_NAME = Calendar;
			};
			name = Debug;
		};
		BD67F9C71CC7059400817B49 /* Release */ = {
			isa = XCBuildConfiguration;
			buildSettings = {
				INFOPLIST_FILE = CalendarUITests/Info.plist;
				LD_RUNPATH_SEARCH_PATHS = "$(inherited) @executable_path/Frameworks @loader_path/Frameworks";
				PRODUCT_BUNDLE_IDENTIFIER = com.weilang.CalendarUITests;
				PRODUCT_NAME = "$(TARGET_NAME)";
				TEST_TARGET_NAME = Calendar;
			};
			name = Release;
		};
/* End XCBuildConfiguration section */

/* Begin XCConfigurationList section */
		BD67F98A1CC7059300817B49 /* Build configuration list for PBXProject "Calendar" */ = {
			isa = XCConfigurationList;
			buildConfigurations = (
				BD67F9BD1CC7059400817B49 /* Debug */,
				BD67F9BE1CC7059400817B49 /* Release */,
			);
			defaultConfigurationIsVisible = 0;
			defaultConfigurationName = Release;
		};
		BD67F9BF1CC7059400817B49 /* Build configuration list for PBXNativeTarget "Calendar" */ = {
			isa = XCConfigurationList;
			buildConfigurations = (
				BD67F9C01CC7059400817B49 /* Debug */,
				BD67F9C11CC7059400817B49 /* Release */,
			);
			defaultConfigurationIsVisible = 0;
			defaultConfigurationName = Release;
		};
		BD67F9C21CC7059400817B49 /* Build configuration list for PBXNativeTarget "CalendarTests" */ = {
			isa = XCConfigurationList;
			buildConfigurations = (
				BD67F9C31CC7059400817B49 /* Debug */,
				BD67F9C41CC7059400817B49 /* Release */,
			);
			defaultConfigurationIsVisible = 0;
			defaultConfigurationName = Release;
		};
		BD67F9C51CC7059400817B49 /* Build configuration list for PBXNativeTarget "CalendarUITests" */ = {
			isa = XCConfigurationList;
			buildConfigurations = (
				BD67F9C61CC7059400817B49 /* Debug */,
				BD67F9C71CC7059400817B49 /* Release */,
			);
			defaultConfigurationIsVisible = 0;
			defaultConfigurationName = Release;
		};
/* End XCConfigurationList section */

/* Begin XCVersionGroup section */
		BD67F99E1CC7059400817B49 /* Calendar.xcdatamodeld */ = {
			isa = XCVersionGroup;
			children = (
				BD67F99F1CC7059400817B49 /* Calendar.xcdatamodel */,
			);
			currentVersion = BD67F99F1CC7059400817B49 /* Calendar.xcdatamodel */;
			path = Calendar.xcdatamodeld;
			sourceTree = "<group>";
			versionGroupType = wrapper.xcdatamodel;
		};
/* End XCVersionGroup section */
	};
	rootObject = BD67F9871CC7059300817B49 /* Project object */;
}
